
Microsoft Visual Studio Solution File, Format Version 12.00
# Visual Studio 15
VisualStudioVersion = 15.0.28010.2041
MinimumVisualStudioVersion = 10.0.40219.1
Project("{FAE04EC0-301F-11D3-BF4B-00C04F79EFBC}") = "Artigo IC", "Artigo IC\Artigo IC.csproj", "{87567BDC-FCF9-441F-93BB-9E63ADB645CC}"
EndProject
Global
	GlobalSection(SolutionConfigurationPlatforms) = preSolution
		Debug|Any CPU = Debug|Any CPU
		Release|Any CPU = Release|Any CPU
	EndGlobalSection
	GlobalSection(ProjectConfigurationPlatforms) = postSolution
		{87567BDC-FCF9-441F-93BB-9E63ADB645CC}.Debug|Any CPU.ActiveCfg = Debug|Any CPU
		{87567BDC-FCF9-441F-93BB-9E63ADB645CC}.Debug|Any CPU.Build.0 = Debug|Any CPU
		{87567BDC-FCF9-441F-93BB-9E63ADB645CC}.Release|Any CPU.ActiveCfg = Release|Any CPU
		{87567BDC-FCF9-441F-93BB-9E63ADB645CC}.Release|Any CPU.Build.0 = Release|Any CPU
	EndGlobalSection
	GlobalSection(SolutionProperties) = preSolution
		HideSolutionNode = FALSE
	EndGlobalSection
	GlobalSection(ExtensibilityGlobals) = postSolution
		SolutionGuid = {5DC311D8-93C4-4897-AA2F-4AE55479DF0E}
	EndGlobalSection
EndGlobal
